
Microsoft Visual Studio Solution File, Format Version 11.00
# Visual Studio 2010
Project("{FAE04EC0-301F-11D3-BF4B-00C04F79EFBC}") = "Creacion_archivo", "Creacion_archivo\Creacion_archivo.csproj", "{AE03E4C7-999C-4B98-9775-BBC3C79B48C0}"
EndProject
Global
	GlobalSection(SolutionConfigurationPlatforms) = preSolution
		Debug|x86 = Debug|x86
		Release|x86 = Release|x86
	EndGlobalSection
	GlobalSection(ProjectConfigurationPlatforms) = postSolution
		{AE03E4C7-999C-4B98-9775-BBC3C79B48C0}.Debug|x86.ActiveCfg = Debug|x86
		{AE03E4C7-999C-4B98-9775-BBC3C79B48C0}.Debug|x86.Build.0 = Debug|x86
		{AE03E4C7-999C-4B98-9775-BBC3C79B48C0}.Release|x86.ActiveCfg = Release|x86
		{AE03E4C7-999C-4B98-9775-BBC3C79B48C0}.Release|x86.Build.0 = Release|x86
	EndGlobalSection
	GlobalSection(SolutionProperties) = preSolution
		HideSolutionNode = FALSE
	EndGlobalSection
EndGlobal
